<?xml version="1.0" encoding="utf-8"?>
<Project ToolsVersion="4.0" xmlns="http://schemas.microsoft.com/developer/msbuild/2003">
  <ItemGroup>
    <Filter Include="源文件">
      <UniqueIdentifier>{4FC737F1-C7A5-4376-A066-2A32D752A2FF}</UniqueIdentifier>
      <Extensions>cpp;c;cc;cxx;c++;cppm;ixx;def;odl;idl;hpj;bat;asm;asmx</Extensions>
    </Filter>
    <Filter Include="头文件">
      <UniqueIdentifier>{93995380-89BD-4b04-88EB-625FBE52EBFB}</UniqueIdentifier>
      <Extensions>h;hh;hpp;hxx;h++;hm;inl;inc;ipp;xsd</Extensions>
    </Filter>
    <Filter Include="资源文件">
      <UniqueIdentifier>{67DA6AB6-F800-4c08-8B7A-83BB121AAD01}</UniqueIdentifier>
      <Extensions>rc;ico;cur;bmp;dlg;rc2;rct;bin;rgs;gif;jpg;jpeg;jpe;resx;tiff;tif;png;wav;mfcribbon-ms</Extensions>
    </Filter>
  </ItemGroup>
  <ItemGroup>
    <ClCompile Include="..\..\汉诺塔原理\汉诺塔原理\类的简单实现.cpp">
      <Filter>源文件</Filter>
    </ClCompile>
    <ClCompile Include="..\..\默认值函数求圆面积\默认值函数求圆面积\求圆面积.cpp">
      <Filter>源文件</Filter>
    </ClCompile>
    <ClCompile Include="..\..\逆序存放函数重载\逆序存放函数重载\逆序存放.cpp">
      <Filter>源文件</Filter>
    </ClCompile>
    <ClCompile Include="..\..\统计字符\统计字符\统计字符.cpp">
      <Filter>源文件</Filter>
    </ClCompile>
    <ClCompile Include="..\..\矩阵\3乘4矩阵\3乘4矩阵.cpp">
      <Filter>源文件</Filter>
    </ClCompile>
    <ClCompile Include="..\..\百分号菱形\百分号菱形\百分号菱形.cpp">
      <Filter>源文件</Filter>
    </ClCompile>
    <ClCompile Include="..\..\猜数游戏\猜数游戏\猜数游戏.cpp">
      <Filter>源文件</Filter>
    </ClCompile>
    <ClCompile Include="..\..\汉诺塔原理\汉诺塔原理\汉诺塔原理.cpp">
      <Filter>源文件</Filter>
    </ClCompile>
    <ClCompile Include="..\..\母牛生小牛\母牛生小牛\母牛生小牛.cpp">
      <Filter>源文件</Filter>
    </ClCompile>
    <ClCompile Include="..\..\杨辉三角\杨辉三角\杨辉三角.cpp">
      <Filter>源文件</Filter>
    </ClCompile>
    <ClCompile Include="..\..\最大公约数最小公倍数\最大公约数最小公倍数\最大公约数最小公倍数.cpp">
      <Filter>源文件</Filter>
    </ClCompile>
    <ClCompile Include="..\..\找出数组重复数(4种)\找出数组重复数(4种)\哈希等四种算法.cpp">
      <Filter>源文件</Filter>
    </ClCompile>
    <ClCompile Include="..\..\字符数组逆序存放\字符数组逆序存放\字符数组逆序存放.cpp">
      <Filter>源文件</Filter>
    </ClCompile>
    <ClCompile Include="..\..\哈希表的经典\哈希表的经典\哈希表.cpp">
      <Filter>源文件</Filter>
    </ClCompile>
    <ClCompile Include="..\..\各类型的字节长度和位长\各类型的字节长度和位长\各类型的字节长度和位长.cpp">
      <Filter>源文件</Filter>
    </ClCompile>
    <ClCompile Include="..\..\判断是否素数\判断是否素数\素数的判断.cpp">
      <Filter>源文件</Filter>
    </ClCompile>
    <ClCompile Include="..\..\兑换钱票\兑换钱票\兑换钱票.cpp">
      <Filter>源文件</Filter>
    </ClCompile>
    <ClCompile Include="..\..\从键盘上输入一行字符，按照从小到大输出\从键盘上输入一行字符，按照从小到大输出\从键盘上输入一行字符，按照从小到大输出.cpp">
      <Filter>源文件</Filter>
    </ClCompile>
  </ItemGroup>
</Project>