
Microsoft Visual Studio Solution File, Format Version 12.00
# Visual Studio Version 17
VisualStudioVersion = 17.4.33403.182
MinimumVisualStudioVersion = 10.0.40219.1
Project("{8BC9CEB8-8B4A-11D0-8D11-00A0C91BC942}") = "时间复杂度和空间复杂度的关系", "时间复杂度和空间复杂度的关系\时间复杂度和空间复杂度的关系.vcxproj", "{5A52F316-AD65-4D97-A61E-732896E40F3D}"
EndProject
Global
	GlobalSection(SolutionConfigurationPlatforms) = preSolution
		Debug|x64 = Debug|x64
		Debug|x86 = Debug|x86
		Release|x64 = Release|x64
		Release|x86 = Release|x86
	EndGlobalSection
	GlobalSection(ProjectConfigurationPlatforms) = postSolution
		{5A52F316-AD65-4D97-A61E-732896E40F3D}.Debug|x64.ActiveCfg = Debug|x64
		{5A52F316-AD65-4D97-A61E-732896E40F3D}.Debug|x64.Build.0 = Debug|x64
		{5A52F316-AD65-4D97-A61E-732896E40F3D}.Debug|x86.ActiveCfg = Debug|Win32
		{5A52F316-AD65-4D97-A61E-732896E40F3D}.Debug|x86.Build.0 = Debug|Win32
		{5A52F316-AD65-4D97-A61E-732896E40F3D}.Release|x64.ActiveCfg = Release|x64
		{5A52F316-AD65-4D97-A61E-732896E40F3D}.Release|x64.Build.0 = Release|x64
		{5A52F316-AD65-4D97-A61E-732896E40F3D}.Release|x86.ActiveCfg = Release|Win32
		{5A52F316-AD65-4D97-A61E-732896E40F3D}.Release|x86.Build.0 = Release|Win32
	EndGlobalSection
	GlobalSection(SolutionProperties) = preSolution
		HideSolutionNode = FALSE
	EndGlobalSection
	GlobalSection(ExtensibilityGlobals) = postSolution
		SolutionGuid = {4E06A8C3-D735-4FA0-976E-D7D5B1DCDCE0}
	EndGlobalSection
EndGlobal
