
Microsoft Visual Studio Solution File, Format Version 12.00
# Visual Studio Version 17
VisualStudioVersion = 17.4.33403.182
MinimumVisualStudioVersion = 10.0.40219.1
Project("{8BC9CEB8-8B4A-11D0-8D11-00A0C91BC942}") = "三位数各位和", "三位数各位和\三位数各位和.vcxproj", "{EAC09CFB-2F8F-4BA5-B64D-7274FB306916}"
EndProject
Global
	GlobalSection(SolutionConfigurationPlatforms) = preSolution
		Debug|x64 = Debug|x64
		Debug|x86 = Debug|x86
		Release|x64 = Release|x64
		Release|x86 = Release|x86
	EndGlobalSection
	GlobalSection(ProjectConfigurationPlatforms) = postSolution
		{EAC09CFB-2F8F-4BA5-B64D-7274FB306916}.Debug|x64.ActiveCfg = Debug|x64
		{EAC09CFB-2F8F-4BA5-B64D-7274FB306916}.Debug|x64.Build.0 = Debug|x64
		{EAC09CFB-2F8F-4BA5-B64D-7274FB306916}.Debug|x86.ActiveCfg = Debug|Win32
		{EAC09CFB-2F8F-4BA5-B64D-7274FB306916}.Debug|x86.Build.0 = Debug|Win32
		{EAC09CFB-2F8F-4BA5-B64D-7274FB306916}.Release|x64.ActiveCfg = Release|x64
		{EAC09CFB-2F8F-4BA5-B64D-7274FB306916}.Release|x64.Build.0 = Release|x64
		{EAC09CFB-2F8F-4BA5-B64D-7274FB306916}.Release|x86.ActiveCfg = Release|Win32
		{EAC09CFB-2F8F-4BA5-B64D-7274FB306916}.Release|x86.Build.0 = Release|Win32
	EndGlobalSection
	GlobalSection(SolutionProperties) = preSolution
		HideSolutionNode = FALSE
	EndGlobalSection
	GlobalSection(ExtensibilityGlobals) = postSolution
		SolutionGuid = {007C6EED-DC1C-4CA7-B091-184F7E677787}
	EndGlobalSection
EndGlobal
