
Microsoft Visual Studio Solution File, Format Version 12.00
# Visual Studio Version 17
VisualStudioVersion = 17.4.33403.182
MinimumVisualStudioVersion = 10.0.40219.1
Project("{8BC9CEB8-8B4A-11D0-8D11-00A0C91BC942}") = "体质指数", "体质指数\体质指数.vcxproj", "{0D6D52DE-F767-483C-A1C6-2180C063479E}"
EndProject
Global
	GlobalSection(SolutionConfigurationPlatforms) = preSolution
		Debug|x64 = Debug|x64
		Debug|x86 = Debug|x86
		Release|x64 = Release|x64
		Release|x86 = Release|x86
	EndGlobalSection
	GlobalSection(ProjectConfigurationPlatforms) = postSolution
		{0D6D52DE-F767-483C-A1C6-2180C063479E}.Debug|x64.ActiveCfg = Debug|x64
		{0D6D52DE-F767-483C-A1C6-2180C063479E}.Debug|x64.Build.0 = Debug|x64
		{0D6D52DE-F767-483C-A1C6-2180C063479E}.Debug|x86.ActiveCfg = Debug|Win32
		{0D6D52DE-F767-483C-A1C6-2180C063479E}.Debug|x86.Build.0 = Debug|Win32
		{0D6D52DE-F767-483C-A1C6-2180C063479E}.Release|x64.ActiveCfg = Release|x64
		{0D6D52DE-F767-483C-A1C6-2180C063479E}.Release|x64.Build.0 = Release|x64
		{0D6D52DE-F767-483C-A1C6-2180C063479E}.Release|x86.ActiveCfg = Release|Win32
		{0D6D52DE-F767-483C-A1C6-2180C063479E}.Release|x86.Build.0 = Release|Win32
	EndGlobalSection
	GlobalSection(SolutionProperties) = preSolution
		HideSolutionNode = FALSE
	EndGlobalSection
	GlobalSection(ExtensibilityGlobals) = postSolution
		SolutionGuid = {E4F54CA0-FEC1-45F9-B9E5-8DBDADD920EB}
	EndGlobalSection
EndGlobal
