
Microsoft Visual Studio Solution File, Format Version 12.00
# Visual Studio Version 17
VisualStudioVersion = 17.4.33403.182
MinimumVisualStudioVersion = 10.0.40219.1
Project("{8BC9CEB8-8B4A-11D0-8D11-00A0C91BC942}") = "十进制转二进制", "十进制转二进制\十进制转二进制.vcxproj", "{5E2CA16E-7209-4A50-A0AB-69E13A33FC29}"
EndProject
Global
	GlobalSection(SolutionConfigurationPlatforms) = preSolution
		Debug|x64 = Debug|x64
		Debug|x86 = Debug|x86
		Release|x64 = Release|x64
		Release|x86 = Release|x86
	EndGlobalSection
	GlobalSection(ProjectConfigurationPlatforms) = postSolution
		{5E2CA16E-7209-4A50-A0AB-69E13A33FC29}.Debug|x64.ActiveCfg = Debug|x64
		{5E2CA16E-7209-4A50-A0AB-69E13A33FC29}.Debug|x64.Build.0 = Debug|x64
		{5E2CA16E-7209-4A50-A0AB-69E13A33FC29}.Debug|x86.ActiveCfg = Debug|Win32
		{5E2CA16E-7209-4A50-A0AB-69E13A33FC29}.Debug|x86.Build.0 = Debug|Win32
		{5E2CA16E-7209-4A50-A0AB-69E13A33FC29}.Release|x64.ActiveCfg = Release|x64
		{5E2CA16E-7209-4A50-A0AB-69E13A33FC29}.Release|x64.Build.0 = Release|x64
		{5E2CA16E-7209-4A50-A0AB-69E13A33FC29}.Release|x86.ActiveCfg = Release|Win32
		{5E2CA16E-7209-4A50-A0AB-69E13A33FC29}.Release|x86.Build.0 = Release|Win32
	EndGlobalSection
	GlobalSection(SolutionProperties) = preSolution
		HideSolutionNode = FALSE
	EndGlobalSection
	GlobalSection(ExtensibilityGlobals) = postSolution
		SolutionGuid = {C0878833-79CE-4355-9BAE-96DC70E27759}
	EndGlobalSection
EndGlobal
