
Microsoft Visual Studio Solution File, Format Version 12.00
# Visual Studio Version 17
VisualStudioVersion = 17.4.33403.182
MinimumVisualStudioVersion = 10.0.40219.1
Project("{8BC9CEB8-8B4A-11D0-8D11-00A0C91BC942}") = "标准模板库", "标准模板库\标准模板库.vcxproj", "{4D900D7B-DDF3-41F3-AA08-E21B78036C86}"
EndProject
Global
	GlobalSection(SolutionConfigurationPlatforms) = preSolution
		Debug|x64 = Debug|x64
		Debug|x86 = Debug|x86
		Release|x64 = Release|x64
		Release|x86 = Release|x86
	EndGlobalSection
	GlobalSection(ProjectConfigurationPlatforms) = postSolution
		{4D900D7B-DDF3-41F3-AA08-E21B78036C86}.Debug|x64.ActiveCfg = Debug|x64
		{4D900D7B-DDF3-41F3-AA08-E21B78036C86}.Debug|x64.Build.0 = Debug|x64
		{4D900D7B-DDF3-41F3-AA08-E21B78036C86}.Debug|x86.ActiveCfg = Debug|Win32
		{4D900D7B-DDF3-41F3-AA08-E21B78036C86}.Debug|x86.Build.0 = Debug|Win32
		{4D900D7B-DDF3-41F3-AA08-E21B78036C86}.Release|x64.ActiveCfg = Release|x64
		{4D900D7B-DDF3-41F3-AA08-E21B78036C86}.Release|x64.Build.0 = Release|x64
		{4D900D7B-DDF3-41F3-AA08-E21B78036C86}.Release|x86.ActiveCfg = Release|Win32
		{4D900D7B-DDF3-41F3-AA08-E21B78036C86}.Release|x86.Build.0 = Release|Win32
	EndGlobalSection
	GlobalSection(SolutionProperties) = preSolution
		HideSolutionNode = FALSE
	EndGlobalSection
	GlobalSection(ExtensibilityGlobals) = postSolution
		SolutionGuid = {324D38CE-34B4-4CEF-AB16-5B4D37CDBA82}
	EndGlobalSection
EndGlobal
